
Microsoft Visual Studio Solution File, Format Version 12.00
# Visual Studio Version 16
VisualStudioVersion = 16.0.32002.261
MinimumVisualStudioVersion = 10.0.40219.1
Project("{FAE04EC0-301F-11D3-BF4B-00C04F79EFBC}") = "helloApp", "helloApp\helloApp.csproj", "{0848BDF5-CCC7-4D07-BC7C-E98DA19CE62C}"
EndProject
Global
	GlobalSection(SolutionConfigurationPlatforms) = preSolution
		Debug|Any CPU = Debug|Any CPU
		Release|Any CPU = Release|Any CPU
	EndGlobalSection
	GlobalSection(ProjectConfigurationPlatforms) = postSolution
		{0848BDF5-CCC7-4D07-BC7C-E98DA19CE62C}.Debug|Any CPU.ActiveCfg = Debug|Any CPU
		{0848BDF5-CCC7-4D07-BC7C-E98DA19CE62C}.Debug|Any CPU.Build.0 = Debug|Any CPU
		{0848BDF5-CCC7-4D07-BC7C-E98DA19CE62C}.Release|Any CPU.ActiveCfg = Release|Any CPU
		{0848BDF5-CCC7-4D07-BC7C-E98DA19CE62C}.Release|Any CPU.Build.0 = Release|Any CPU
	EndGlobalSection
	GlobalSection(SolutionProperties) = preSolution
		HideSolutionNode = FALSE
	EndGlobalSection
	GlobalSection(ExtensibilityGlobals) = postSolution
		SolutionGuid = {9AF0FCD5-63E6-4DA9-9953-E86C6A7AFC1C}
	EndGlobalSection
EndGlobal
